
Microsoft Visual Studio Solution File, Format Version 12.00
# Visual Studio Version 16
VisualStudioVersion = 16.0.31624.102
MinimumVisualStudioVersion = 10.0.40219.1
Project("{FAE04EC0-301F-11D3-BF4B-00C04F79EFBC}") = "BikeLocker", "BikeLocker.csproj", "{FECD3BA2-860F-440A-AA45-94FBE468704E}"
EndProject
Global
	GlobalSection(SolutionConfigurationPlatforms) = preSolution
		Debug|Any CPU = Debug|Any CPU
		Release|Any CPU = Release|Any CPU
	EndGlobalSection
	GlobalSection(ProjectConfigurationPlatforms) = postSolution
		{FECD3BA2-860F-440A-AA45-94FBE468704E}.Debug|Any CPU.ActiveCfg = Debug|Any CPU
		{FECD3BA2-860F-440A-AA45-94FBE468704E}.Debug|Any CPU.Build.0 = Debug|Any CPU
		{FECD3BA2-860F-440A-AA45-94FBE468704E}.Release|Any CPU.ActiveCfg = Release|Any CPU
		{FECD3BA2-860F-440A-AA45-94FBE468704E}.Release|Any CPU.Build.0 = Release|Any CPU
	EndGlobalSection
	GlobalSection(SolutionProperties) = preSolution
		HideSolutionNode = FALSE
	EndGlobalSection
	GlobalSection(ExtensibilityGlobals) = postSolution
		SolutionGuid = {7DFE3867-8557-440A-AD24-F2CEC56946EC}
	EndGlobalSection
EndGlobal
